
Microsoft Visual Studio Solution File, Format Version 12.00
# Visual Studio 15
VisualStudioVersion = 15.0.28010.2026
MinimumVisualStudioVersion = 10.0.40219.1
Project("{FAE04EC0-301F-11D3-BF4B-00C04F79EFBC}") = "IntegerCompare", "IntegerCompare.csproj", "{C6761997-B60D-477E-BD1F-1C3EF30E0793}"
EndProject
Global
	GlobalSection(SolutionConfigurationPlatforms) = preSolution
		Debug|Any CPU = Debug|Any CPU
		Release|Any CPU = Release|Any CPU
	EndGlobalSection
	GlobalSection(ProjectConfigurationPlatforms) = postSolution
		{C6761997-B60D-477E-BD1F-1C3EF30E0793}.Debug|Any CPU.ActiveCfg = Debug|Any CPU
		{C6761997-B60D-477E-BD1F-1C3EF30E0793}.Debug|Any CPU.Build.0 = Debug|Any CPU
		{C6761997-B60D-477E-BD1F-1C3EF30E0793}.Release|Any CPU.ActiveCfg = Release|Any CPU
		{C6761997-B60D-477E-BD1F-1C3EF30E0793}.Release|Any CPU.Build.0 = Release|Any CPU
	EndGlobalSection
	GlobalSection(SolutionProperties) = preSolution
		HideSolutionNode = FALSE
	EndGlobalSection
	GlobalSection(ExtensibilityGlobals) = postSolution
		SolutionGuid = {ADBCE4A9-3FA8-44F0-81A7-BDE9CFBE83E1}
	EndGlobalSection
EndGlobal
